
Microsoft Visual Studio Solution File, Format Version 12.00
Project("{FAE04EC0-301F-11D3-BF4B-00C04F79EFBC}") = "Part1.01", "Part1.01.csproj", "{C4B3E716-7096-4316-88E9-8EFA3F7B3C63}"
EndProject
Global
	GlobalSection(SolutionConfigurationPlatforms) = preSolution
		Debug|Any CPU = Debug|Any CPU
		Release|Any CPU = Release|Any CPU
	EndGlobalSection
	GlobalSection(ProjectConfigurationPlatforms) = postSolution
		{C4B3E716-7096-4316-88E9-8EFA3F7B3C63}.Debug|Any CPU.ActiveCfg = Debug|Any CPU
		{C4B3E716-7096-4316-88E9-8EFA3F7B3C63}.Debug|Any CPU.Build.0 = Debug|Any CPU
		{C4B3E716-7096-4316-88E9-8EFA3F7B3C63}.Release|Any CPU.ActiveCfg = Release|Any CPU
		{C4B3E716-7096-4316-88E9-8EFA3F7B3C63}.Release|Any CPU.Build.0 = Release|Any CPU
	EndGlobalSection
EndGlobal
